
Microsoft Visual Studio Solution File, Format Version 12.00
# Visual Studio Version 17
VisualStudioVersion = 17.7.34024.191
MinimumVisualStudioVersion = 10.0.40219.1
Project("{FAE04EC0-301F-11D3-BF4B-00C04F79EFBC}") = "API_Films_Séries", "API_Films_Séries.csproj", "{B6B07DC8-28AA-4092-8F91-62FD423306AF}"
EndProject
Global
	GlobalSection(SolutionConfigurationPlatforms) = preSolution
		Debug|Any CPU = Debug|Any CPU
		Release|Any CPU = Release|Any CPU
	EndGlobalSection
	GlobalSection(ProjectConfigurationPlatforms) = postSolution
		{B6B07DC8-28AA-4092-8F91-62FD423306AF}.Debug|Any CPU.ActiveCfg = Debug|Any CPU
		{B6B07DC8-28AA-4092-8F91-62FD423306AF}.Debug|Any CPU.Build.0 = Debug|Any CPU
		{B6B07DC8-28AA-4092-8F91-62FD423306AF}.Release|Any CPU.ActiveCfg = Release|Any CPU
		{B6B07DC8-28AA-4092-8F91-62FD423306AF}.Release|Any CPU.Build.0 = Release|Any CPU
	EndGlobalSection
	GlobalSection(SolutionProperties) = preSolution
		HideSolutionNode = FALSE
	EndGlobalSection
	GlobalSection(ExtensibilityGlobals) = postSolution
		SolutionGuid = {317BD600-D3D3-489D-9633-5E83202A5FCB}
	EndGlobalSection
EndGlobal
